data extraction:
  cmd: python produce/create_dataset.py
  deps:
  - path: produce/create_dataset.py
    md5: ffed3c962e150b7f47b97e2c03135d85
  outs:
  - path: assets/data
    md5: bc793bfdcd19bad30fd1140a5cd549bd.dir
feature extraction:
  cmd: python produce/extract_features.py
  deps:
  - path: assets/data
    md5: bc793bfdcd19bad30fd1140a5cd549bd.dir
  - path: produce/extract_features.py
    md5: ec67f127442876522b5a533fcb9dadd1
  outs:
  - path: assets/features
    md5: acc7481fb07684c03778583bf02a89d8.dir
training model:
  cmd: python produce/train_model.py
  deps:
  - path: assets/features
    md5: acc7481fb07684c03778583bf02a89d8.dir
  - path: produce/train_model.py
    md5: ae1f49711513ae7df9f9b56189c8fd5b
  outs:
  - path: assets/models
    md5: c998764956f024bbfced1a9899e219d6.dir
performane evaluation:
  cmd: python produce/evaluate_model.py
  deps:
  - path: assets/features
    md5: acc7481fb07684c03778583bf02a89d8.dir
  - path: assets/models
    md5: c998764956f024bbfced1a9899e219d6.dir
  - path: produce/evaluate_model.py
    md5: 5a85903607de4b9373094fec55858d79
  outs:
  - path: assets/metrics.json
    md5: b4cf9ff0230420ab4404bfaba689110b
