data extraction:
  cmd: python produce/create_dataset.py
  deps:
  - path: produce/create_dataset.py
    md5: e77e0ecdebd34be0c0c4a585e55fcaaa
  outs:
  - path: assets/data
    md5: bc793bfdcd19bad30fd1140a5cd549bd.dir
feature extraction:
  cmd: python produce/extract_features.py
  deps:
  - path: assets/data
    md5: bc793bfdcd19bad30fd1140a5cd549bd.dir
  - path: produce/extract_features.py
    md5: 67864cbab2cdfd80c9e7b060e2f04270
  outs:
  - path: assets/features
    md5: acc7481fb07684c03778583bf02a89d8.dir
training model:
  cmd: python produce/train_model.py
  deps:
  - path: assets/features
    md5: acc7481fb07684c03778583bf02a89d8.dir
  - path: produce/train_model.py
    md5: d97d4cd01875aba2d5ef561cf62fbcd4
  outs:
  - path: assets/models
    md5: c9aef637757037603e9362ed6554b61d.dir
performane evaluation:
  cmd: python produce/evaluate_model.py
  deps:
  - path: assets/features
    md5: acc7481fb07684c03778583bf02a89d8.dir
  - path: assets/models
    md5: c9aef637757037603e9362ed6554b61d.dir
  - path: produce/evaluate_model.py
    md5: 2c83dc4c95548be20aed5d9853e30314
  outs:
  - path: assets/metrics.json
    md5: 9682d4aea77bdbc21aa68c7f46663611
